
Microsoft Visual Studio Solution File, Format Version 12.00
# Visual Studio Version 17
VisualStudioVersion = 17.10.35004.147
MinimumVisualStudioVersion = 10.0.40219.1
Project("{FAE04EC0-301F-11D3-BF4B-00C04F79EFBC}") = "EventStreamPublisher", "EventStreamPublisher\EventStreamPublisher.csproj", "{08929608-0DF6-444C-9C3D-103BE8340FC7}"
EndProject
Global
	GlobalSection(SolutionConfigurationPlatforms) = preSolution
		Debug|Any CPU = Debug|Any CPU
		Release|Any CPU = Release|Any CPU
	EndGlobalSection
	GlobalSection(ProjectConfigurationPlatforms) = postSolution
		{08929608-0DF6-444C-9C3D-103BE8340FC7}.Debug|Any CPU.ActiveCfg = Debug|Any CPU
		{08929608-0DF6-444C-9C3D-103BE8340FC7}.Debug|Any CPU.Build.0 = Debug|Any CPU
		{08929608-0DF6-444C-9C3D-103BE8340FC7}.Release|Any CPU.ActiveCfg = Release|Any CPU
		{08929608-0DF6-444C-9C3D-103BE8340FC7}.Release|Any CPU.Build.0 = Release|Any CPU
	EndGlobalSection
	GlobalSection(SolutionProperties) = preSolution
		HideSolutionNode = FALSE
	EndGlobalSection
	GlobalSection(ExtensibilityGlobals) = postSolution
		SolutionGuid = {EFC0CC49-C9D2-40BE-93B9-9B44AD837EB4}
	EndGlobalSection
EndGlobal
